
Microsoft Visual Studio Solution File, Format Version 12.00
# Visual Studio Version 17
VisualStudioVersion = 17.9.34607.119
MinimumVisualStudioVersion = 10.0.40219.1
Project("{FAE04EC0-301F-11D3-BF4B-00C04F79EFBC}") = "task3.4", "task3.4\task3.4.csproj", "{BFEC549B-22D1-4EC8-829E-BD663C4BF67E}"
EndProject
Global
	GlobalSection(SolutionConfigurationPlatforms) = preSolution
		Debug|Any CPU = Debug|Any CPU
		Release|Any CPU = Release|Any CPU
	EndGlobalSection
	GlobalSection(ProjectConfigurationPlatforms) = postSolution
		{BFEC549B-22D1-4EC8-829E-BD663C4BF67E}.Debug|Any CPU.ActiveCfg = Debug|Any CPU
		{BFEC549B-22D1-4EC8-829E-BD663C4BF67E}.Debug|Any CPU.Build.0 = Debug|Any CPU
		{BFEC549B-22D1-4EC8-829E-BD663C4BF67E}.Release|Any CPU.ActiveCfg = Release|Any CPU
		{BFEC549B-22D1-4EC8-829E-BD663C4BF67E}.Release|Any CPU.Build.0 = Release|Any CPU
	EndGlobalSection
	GlobalSection(SolutionProperties) = preSolution
		HideSolutionNode = FALSE
	EndGlobalSection
	GlobalSection(ExtensibilityGlobals) = postSolution
		SolutionGuid = {674D5F25-EB25-449D-8AFD-3A6DB4942F37}
	EndGlobalSection
EndGlobal
