
Microsoft Visual Studio Solution File, Format Version 12.00
# Visual Studio Version 17
VisualStudioVersion = 17.9.34607.119
MinimumVisualStudioVersion = 10.0.40219.1
Project("{FAE04EC0-301F-11D3-BF4B-00C04F79EFBC}") = "task3.5", "task3.5\task3.5.csproj", "{1BC74172-6918-47D1-B4E3-70EAB4DDFDD3}"
EndProject
Global
	GlobalSection(SolutionConfigurationPlatforms) = preSolution
		Debug|Any CPU = Debug|Any CPU
		Release|Any CPU = Release|Any CPU
	EndGlobalSection
	GlobalSection(ProjectConfigurationPlatforms) = postSolution
		{1BC74172-6918-47D1-B4E3-70EAB4DDFDD3}.Debug|Any CPU.ActiveCfg = Debug|Any CPU
		{1BC74172-6918-47D1-B4E3-70EAB4DDFDD3}.Debug|Any CPU.Build.0 = Debug|Any CPU
		{1BC74172-6918-47D1-B4E3-70EAB4DDFDD3}.Release|Any CPU.ActiveCfg = Release|Any CPU
		{1BC74172-6918-47D1-B4E3-70EAB4DDFDD3}.Release|Any CPU.Build.0 = Release|Any CPU
	EndGlobalSection
	GlobalSection(SolutionProperties) = preSolution
		HideSolutionNode = FALSE
	EndGlobalSection
	GlobalSection(ExtensibilityGlobals) = postSolution
		SolutionGuid = {2B58CA2C-5B92-4AAF-B91F-407E972D44C5}
	EndGlobalSection
EndGlobal
